// !$*UTF8*$!
{
	archiveVersion = 1;
	classes = {
	};
	objectVersion = 56;
	objects = {

/* Begin PBXBuildFile section */
		8DCF238D2B4022EF00CA459E /* AppDelegate.swift in Sources */ = {isa = PBXBuildFile; fileRef = 8DCF238C2B4022EF00CA459E /* AppDelegate.swift */; };
		8DCF238F2B4022EF00CA459E /* SceneDelegate.swift in Sources */ = {isa = PBXBuildFile; fileRef = 8DCF238E2B4022EF00CA459E /* SceneDelegate.swift */; };
		8DCF23962B4022F100CA459E /* Assets.xcassets in Resources */ = {isa = PBXBuildFile; fileRef = 8DCF23952B4022F100CA459E /* Assets.xcassets */; };
		8DCF23992B4022F100CA459E /* LaunchScreen.storyboard in Resources */ = {isa = PBXBuildFile; fileRef = 8DCF23972B4022F100CA459E /* LaunchScreen.storyboard */; };
		8DCF23A52B402A4300CA459E /* SnapKit in Frameworks */ = {isa = PBXBuildFile; productRef = 8DCF23A42B402A4300CA459E /* SnapKit */; };
		8DCF23A92B402AEE00CA459E /* BaseController.swift in Sources */ = {isa = PBXBuildFile; fileRef = 8DCF23A82B402AEE00CA459E /* BaseController.swift */; };
		8DCF23AD2B40321800CA459E /* UIView.swift in Sources */ = {isa = PBXBuildFile; fileRef = 8DCF23AC2B40321800CA459E /* UIView.swift */; };
		8DCF23AF2B40342100CA459E /* UIColor.swift in Sources */ = {isa = PBXBuildFile; fileRef = 8DCF23AE2B40342100CA459E /* UIColor.swift */; };
		8DCF23B12B403B0400CA459E /* R.swift in Sources */ = {isa = PBXBuildFile; fileRef = 8DCF23B02B403B0400CA459E /* R.swift */; };
		8DCF23B52B403E6900CA459E /* StartViewController.swift in Sources */ = {isa = PBXBuildFile; fileRef = 8DCF23B42B403E6900CA459E /* StartViewController.swift */; };
		8DCF23B82B403EA100CA459E /* ContainerViewController.swift in Sources */ = {isa = PBXBuildFile; fileRef = 8DCF23B72B403EA100CA459E /* ContainerViewController.swift */; };
		8DCF23BA2B403F2800CA459E /* OnbordingViewController.swift in Sources */ = {isa = PBXBuildFile; fileRef = 8DCF23B92B403F2800CA459E /* OnbordingViewController.swift */; };
		8DCF23BD2B4041EC00CA459E /* OnbordingView.swift in Sources */ = {isa = PBXBuildFile; fileRef = 8DCF23BC2B4041EC00CA459E /* OnbordingView.swift */; };
		8DCF23BF2B40429500CA459E /* BaseView.swift in Sources */ = {isa = PBXBuildFile; fileRef = 8DCF23BE2B40429500CA459E /* BaseView.swift */; };
		8DCF23C12B408C1F00CA459E /* Array.swift in Sources */ = {isa = PBXBuildFile; fileRef = 8DCF23C02B408C1F00CA459E /* Array.swift */; };
/* End PBXBuildFile section */

/* Begin PBXFileReference section */
		8DCF23892B4022EF00CA459E /* Onbording.app */ = {isa = PBXFileReference; explicitFileType = wrapper.application; includeInIndex = 0; path = Onbording.app; sourceTree = BUILT_PRODUCTS_DIR; };
		8DCF238C2B4022EF00CA459E /* AppDelegate.swift */ = {isa = PBXFileReference; lastKnownFileType = sourcecode.swift; path = AppDelegate.swift; sourceTree = "<group>"; };
		8DCF238E2B4022EF00CA459E /* SceneDelegate.swift */ = {isa = PBXFileReference; lastKnownFileType = sourcecode.swift; path = SceneDelegate.swift; sourceTree = "<group>"; };
		8DCF23952B4022F100CA459E /* Assets.xcassets */ = {isa = PBXFileReference; lastKnownFileType = folder.assetcatalog; path = Assets.xcassets; sourceTree = "<group>"; };
		8DCF23982B4022F100CA459E /* Base */ = {isa = PBXFileReference; lastKnownFileType = file.storyboard; name = Base; path = Base.lproj/LaunchScreen.storyboard; sourceTree = "<group>"; };
		8DCF239A2B4022F100CA459E /* Info.plist */ = {isa = PBXFileReference; lastKnownFileType = text.plist.xml; path = Info.plist; sourceTree = "<group>"; };
		8DCF23A82B402AEE00CA459E /* BaseController.swift */ = {isa = PBXFileReference; lastKnownFileType = sourcecode.swift; path = BaseController.swift; sourceTree = "<group>"; };
		8DCF23AC2B40321800CA459E /* UIView.swift */ = {isa = PBXFileReference; lastKnownFileType = sourcecode.swift; path = UIView.swift; sourceTree = "<group>"; };
		8DCF23AE2B40342100CA459E /* UIColor.swift */ = {isa = PBXFileReference; lastKnownFileType = sourcecode.swift; path = UIColor.swift; sourceTree = "<group>"; };
		8DCF23B02B403B0400CA459E /* R.swift */ = {isa = PBXFileReference; lastKnownFileType = sourcecode.swift; path = R.swift; sourceTree = "<group>"; };
		8DCF23B42B403E6900CA459E /* StartViewController.swift */ = {isa = PBXFileReference; fileEncoding = 4; lastKnownFileType = sourcecode.swift; path = StartViewController.swift; sourceTree = "<group>"; };
		8DCF23B72B403EA100CA459E /* ContainerViewController.swift */ = {isa = PBXFileReference; lastKnownFileType = sourcecode.swift; path = ContainerViewController.swift; sourceTree = "<group>"; };
		8DCF23B92B403F2800CA459E /* OnbordingViewController.swift */ = {isa = PBXFileReference; lastKnownFileType = sourcecode.swift; path = OnbordingViewController.swift; sourceTree = "<group>"; };
		8DCF23BC2B4041EC00CA459E /* OnbordingView.swift */ = {isa = PBXFileReference; lastKnownFileType = sourcecode.swift; path = OnbordingView.swift; sourceTree = "<group>"; };
		8DCF23BE2B40429500CA459E /* BaseView.swift */ = {isa = PBXFileReference; lastKnownFileType = sourcecode.swift; path = BaseView.swift; sourceTree = "<group>"; };
		8DCF23C02B408C1F00CA459E /* Array.swift */ = {isa = PBXFileReference; lastKnownFileType = sourcecode.swift; path = Array.swift; sourceTree = "<group>"; };
/* End PBXFileReference section */

/* Begin PBXFrameworksBuildPhase section */
		8DCF23862B4022EF00CA459E /* Frameworks */ = {
			isa = PBXFrameworksBuildPhase;
			buildActionMask = 2147483647;
			files = (
				8DCF23A52B402A4300CA459E /* SnapKit in Frameworks */,
			);
			runOnlyForDeploymentPostprocessing = 0;
		};
/* End PBXFrameworksBuildPhase section */

/* Begin PBXGroup section */
		8DCF23802B4022EF00CA459E = {
			isa = PBXGroup;
			children = (
				8DCF238B2B4022EF00CA459E /* Onbording */,
				8DCF238A2B4022EF00CA459E /* Products */,
			);
			sourceTree = "<group>";
		};
		8DCF238A2B4022EF00CA459E /* Products */ = {
			isa = PBXGroup;
			children = (
				8DCF23892B4022EF00CA459E /* Onbording.app */,
			);
			name = Products;
			sourceTree = "<group>";
		};
		8DCF238B2B4022EF00CA459E /* Onbording */ = {
			isa = PBXGroup;
			children = (
				8DCF23B22B403E4300CA459E /* Application */,
				8DCF23A12B40236800CA459E /* View */,
				8DCF23A02B40235800CA459E /* Resources */,
				8DCF23A22B40237500CA459E /* Stroryboards */,
			);
			path = Onbording;
			sourceTree = "<group>";
		};
		8DCF23A02B40235800CA459E /* Resources */ = {
			isa = PBXGroup;
			children = (
				8DCF23952B4022F100CA459E /* Assets.xcassets */,
				8DCF239A2B4022F100CA459E /* Info.plist */,
				8DCF23B02B403B0400CA459E /* R.swift */,
			);
			path = Resources;
			sourceTree = "<group>";
		};
		8DCF23A12B40236800CA459E /* View */ = {
			isa = PBXGroup;
			children = (
				8DCF23AA2B402AF300CA459E /* Base */,
				8DCF23AB2B4031F600CA459E /* Extension */,
				8DCF23B32B403E5900CA459E /* Start */,
				8DCF23B62B403E6F00CA459E /* Onbording */,
			);
			path = View;
			sourceTree = "<group>";
		};
		8DCF23A22B40237500CA459E /* Stroryboards */ = {
			isa = PBXGroup;
			children = (
				8DCF23972B4022F100CA459E /* LaunchScreen.storyboard */,
			);
			path = Stroryboards;
			sourceTree = "<group>";
		};
		8DCF23AA2B402AF300CA459E /* Base */ = {
			isa = PBXGroup;
			children = (
				8DCF23A82B402AEE00CA459E /* BaseController.swift */,
				8DCF23BE2B40429500CA459E /* BaseView.swift */,
			);
			path = Base;
			sourceTree = "<group>";
		};
		8DCF23AB2B4031F600CA459E /* Extension */ = {
			isa = PBXGroup;
			children = (
				8DCF23AC2B40321800CA459E /* UIView.swift */,
				8DCF23AE2B40342100CA459E /* UIColor.swift */,
				8DCF23C02B408C1F00CA459E /* Array.swift */,
			);
			path = Extension;
			sourceTree = "<group>";
		};
		8DCF23B22B403E4300CA459E /* Application */ = {
			isa = PBXGroup;
			children = (
				8DCF238C2B4022EF00CA459E /* AppDelegate.swift */,
				8DCF238E2B4022EF00CA459E /* SceneDelegate.swift */,
			);
			path = Application;
			sourceTree = "<group>";
		};
		8DCF23B32B403E5900CA459E /* Start */ = {
			isa = PBXGroup;
			children = (
				8DCF23B42B403E6900CA459E /* StartViewController.swift */,
			);
			path = Start;
			sourceTree = "<group>";
		};
		8DCF23B62B403E6F00CA459E /* Onbording */ = {
			isa = PBXGroup;
			children = (
				8DCF23BB2B4041D600CA459E /* Views */,
				8DCF23B72B403EA100CA459E /* ContainerViewController.swift */,
				8DCF23B92B403F2800CA459E /* OnbordingViewController.swift */,
			);
			path = Onbording;
			sourceTree = "<group>";
		};
		8DCF23BB2B4041D600CA459E /* Views */ = {
			isa = PBXGroup;
			children = (
				8DCF23BC2B4041EC00CA459E /* OnbordingView.swift */,
			);
			path = Views;
			sourceTree = "<group>";
		};
/* End PBXGroup section */

/* Begin PBXNativeTarget section */
		8DCF23882B4022EF00CA459E /* Onbording */ = {
			isa = PBXNativeTarget;
			buildConfigurationList = 8DCF239D2B4022F100CA459E /* Build configuration list for PBXNativeTarget "Onbording" */;
			buildPhases = (
				8DCF23852B4022EF00CA459E /* Sources */,
				8DCF23862B4022EF00CA459E /* Frameworks */,
				8DCF23872B4022EF00CA459E /* Resources */,
			);
			buildRules = (
			);
			dependencies = (
			);
			name = Onbording;
			packageProductDependencies = (
				8DCF23A42B402A4300CA459E /* SnapKit */,
			);
			productName = Onbording;
			productReference = 8DCF23892B4022EF00CA459E /* Onbording.app */;
			productType = "com.apple.product-type.application";
		};
/* End PBXNativeTarget section */

/* Begin PBXProject section */
		8DCF23812B4022EF00CA459E /* Project object */ = {
			isa = PBXProject;
			attributes = {
				BuildIndependentTargetsInParallel = 1;
				LastSwiftUpdateCheck = 1510;
				LastUpgradeCheck = 1510;
				TargetAttributes = {
					8DCF23882B4022EF00CA459E = {
						CreatedOnToolsVersion = 15.1;
					};
				};
			};
			buildConfigurationList = 8DCF23842B4022EF00CA459E /* Build configuration list for PBXProject "Onbording" */;
			compatibilityVersion = "Xcode 14.0";
			developmentRegion = en;
			hasScannedForEncodings = 0;
			knownRegions = (
				en,
				Base,
			);
			mainGroup = 8DCF23802B4022EF00CA459E;
			packageReferences = (
				8DCF23A32B402A4300CA459E /* XCRemoteSwiftPackageReference "SnapKit" */,
			);
			productRefGroup = 8DCF238A2B4022EF00CA459E /* Products */;
			projectDirPath = "";
			projectRoot = "";
			targets = (
				8DCF23882B4022EF00CA459E /* Onbording */,
			);
		};
/* End PBXProject section */

/* Begin PBXResourcesBuildPhase section */
		8DCF23872B4022EF00CA459E /* Resources */ = {
			isa = PBXResourcesBuildPhase;
			buildActionMask = 2147483647;
			files = (
				8DCF23992B4022F100CA459E /* LaunchScreen.storyboard in Resources */,
				8DCF23962B4022F100CA459E /* Assets.xcassets in Resources */,
			);
			runOnlyForDeploymentPostprocessing = 0;
		};
/* End PBXResourcesBuildPhase section */

/* Begin PBXSourcesBuildPhase section */
		8DCF23852B4022EF00CA459E /* Sources */ = {
			isa = PBXSourcesBuildPhase;
			buildActionMask = 2147483647;
			files = (
				8DCF23BA2B403F2800CA459E /* OnbordingViewController.swift in Sources */,
				8DCF23B12B403B0400CA459E /* R.swift in Sources */,
				8DCF23B52B403E6900CA459E /* StartViewController.swift in Sources */,
				8DCF23B82B403EA100CA459E /* ContainerViewController.swift in Sources */,
				8DCF23AF2B40342100CA459E /* UIColor.swift in Sources */,
				8DCF238D2B4022EF00CA459E /* AppDelegate.swift in Sources */,
				8DCF23A92B402AEE00CA459E /* BaseController.swift in Sources */,
				8DCF238F2B4022EF00CA459E /* SceneDelegate.swift in Sources */,
				8DCF23AD2B40321800CA459E /* UIView.swift in Sources */,
				8DCF23C12B408C1F00CA459E /* Array.swift in Sources */,
				8DCF23BF2B40429500CA459E /* BaseView.swift in Sources */,
				8DCF23BD2B4041EC00CA459E /* OnbordingView.swift in Sources */,
			);
			runOnlyForDeploymentPostprocessing = 0;
		};
/* End PBXSourcesBuildPhase section */

/* Begin PBXVariantGroup section */
		8DCF23972B4022F100CA459E /* LaunchScreen.storyboard */ = {
			isa = PBXVariantGroup;
			children = (
				8DCF23982B4022F100CA459E /* Base */,
			);
			name = LaunchScreen.storyboard;
			sourceTree = "<group>";
		};
/* End PBXVariantGroup section */

/* Begin XCBuildConfiguration section */
		8DCF239B2B4022F100CA459E /* Debug */ = {
			isa = XCBuildConfiguration;
			buildSettings = {
				ALWAYS_SEARCH_USER_PATHS = NO;
				ASSETCATALOG_COMPILER_GENERATE_SWIFT_ASSET_SYMBOL_EXTENSIONS = YES;
				CLANG_ANALYZER_NONNULL = YES;
				CLANG_ANALYZER_NUMBER_OBJECT_CONVERSION = YES_AGGRESSIVE;
				CLANG_CXX_LANGUAGE_STANDARD = "gnu++20";
				CLANG_ENABLE_MODULES = YES;
				CLANG_ENABLE_OBJC_ARC = YES;
				CLANG_ENABLE_OBJC_WEAK = YES;
				CLANG_WARN_BLOCK_CAPTURE_AUTORELEASING = YES;
				CLANG_WARN_BOOL_CONVERSION = YES;
				CLANG_WARN_COMMA = YES;
				CLANG_WARN_CONSTANT_CONVERSION = YES;
				CLANG_WARN_DEPRECATED_OBJC_IMPLEMENTATIONS = YES;
				CLANG_WARN_DIRECT_OBJC_ISA_USAGE = YES_ERROR;
				CLANG_WARN_DOCUMENTATION_COMMENTS = YES;
				CLANG_WARN_EMPTY_BODY = YES;
				CLANG_WARN_ENUM_CONVERSION = YES;
				CLANG_WARN_INFINITE_RECURSION = YES;
				CLANG_WARN_INT_CONVERSION = YES;
				CLANG_WARN_NON_LITERAL_NULL_CONVERSION = YES;
				CLANG_WARN_OBJC_IMPLICIT_RETAIN_SELF = YES;
				CLANG_WARN_OBJC_LITERAL_CONVERSION = YES;
				CLANG_WARN_OBJC_ROOT_CLASS = YES_ERROR;
				CLANG_WARN_QUOTED_INCLUDE_IN_FRAMEWORK_HEADER = YES;
				CLANG_WARN_RANGE_LOOP_ANALYSIS = YES;
				CLANG_WARN_STRICT_PROTOTYPES = YES;
				CLANG_WARN_SUSPICIOUS_MOVE = YES;
				CLANG_WARN_UNGUARDED_AVAILABILITY = YES_AGGRESSIVE;
				CLANG_WARN_UNREACHABLE_CODE = YES;
				CLANG_WARN__DUPLICATE_METHOD_MATCH = YES;
				COPY_PHASE_STRIP = NO;
				DEBUG_INFORMATION_FORMAT = dwarf;
				ENABLE_STRICT_OBJC_MSGSEND = YES;
				ENABLE_TESTABILITY = YES;
				ENABLE_USER_SCRIPT_SANDBOXING = YES;
				GCC_C_LANGUAGE_STANDARD = gnu17;
				GCC_DYNAMIC_NO_PIC = NO;
				GCC_NO_COMMON_BLOCKS = YES;
				GCC_OPTIMIZATION_LEVEL = 0;
				GCC_PREPROCESSOR_DEFINITIONS = (
					"DEBUG=1",
					"$(inherited)",
				);
				GCC_WARN_64_TO_32_BIT_CONVERSION = YES;
				GCC_WARN_ABOUT_RETURN_TYPE = YES_ERROR;
				GCC_WARN_UNDECLARED_SELECTOR = YES;
				GCC_WARN_UNINITIALIZED_AUTOS = YES_AGGRESSIVE;
				GCC_WARN_UNUSED_FUNCTION = YES;
				GCC_WARN_UNUSED_VARIABLE = YES;
				IPHONEOS_DEPLOYMENT_TARGET = 17.2;
				LOCALIZATION_PREFERS_STRING_CATALOGS = YES;
				MTL_ENABLE_DEBUG_INFO = INCLUDE_SOURCE;
				MTL_FAST_MATH = YES;
				ONLY_ACTIVE_ARCH = YES;
				SDKROOT = iphoneos;
				SWIFT_ACTIVE_COMPILATION_CONDITIONS = "DEBUG $(inherited)";
				SWIFT_OPTIMIZATION_LEVEL = "-Onone";
			};
			name = Debug;
		};
		8DCF239C2B4022F100CA459E /* Release */ = {
			isa = XCBuildConfiguration;
			buildSettings = {
				ALWAYS_SEARCH_USER_PATHS = NO;
				ASSETCATALOG_COMPILER_GENERATE_SWIFT_ASSET_SYMBOL_EXTENSIONS = YES;
				CLANG_ANALYZER_NONNULL = YES;
				CLANG_ANALYZER_NUMBER_OBJECT_CONVERSION = YES_AGGRESSIVE;
				CLANG_CXX_LANGUAGE_STANDARD = "gnu++20";
				CLANG_ENABLE_MODULES = YES;
				CLANG_ENABLE_OBJC_ARC = YES;
				CLANG_ENABLE_OBJC_WEAK = YES;
				CLANG_WARN_BLOCK_CAPTURE_AUTORELEASING = YES;
				CLANG_WARN_BOOL_CONVERSION = YES;
				CLANG_WARN_COMMA = YES;
				CLANG_WARN_CONSTANT_CONVERSION = YES;
				CLANG_WARN_DEPRECATED_OBJC_IMPLEMENTATIONS = YES;
				CLANG_WARN_DIRECT_OBJC_ISA_USAGE = YES_ERROR;
				CLANG_WARN_DOCUMENTATION_COMMENTS = YES;
				CLANG_WARN_EMPTY_BODY = YES;
				CLANG_WARN_ENUM_CONVERSION = YES;
				CLANG_WARN_INFINITE_RECURSION = YES;
				CLANG_WARN_INT_CONVERSION = YES;
				CLANG_WARN_NON_LITERAL_NULL_CONVERSION = YES;
				CLANG_WARN_OBJC_IMPLICIT_RETAIN_SELF = YES;
				CLANG_WARN_OBJC_LITERAL_CONVERSION = YES;
				CLANG_WARN_OBJC_ROOT_CLASS = YES_ERROR;
				CLANG_WARN_QUOTED_INCLUDE_IN_FRAMEWORK_HEADER = YES;
				CLANG_WARN_RANGE_LOOP_ANALYSIS = YES;
				CLANG_WARN_STRICT_PROTOTYPES = YES;
				CLANG_WARN_SUSPICIOUS_MOVE = YES;
				CLANG_WARN_UNGUARDED_AVAILABILITY = YES_AGGRESSIVE;
				CLANG_WARN_UNREACHABLE_CODE = YES;
				CLANG_WARN__DUPLICATE_METHOD_MATCH = YES;
				COPY_PHASE_STRIP = NO;
				DEBUG_INFORMATION_FORMAT = "dwarf-with-dsym";
				ENABLE_NS_ASSERTIONS = NO;
				ENABLE_STRICT_OBJC_MSGSEND = YES;
				ENABLE_USER_SCRIPT_SANDBOXING = YES;
				GCC_C_LANGUAGE_STANDARD = gnu17;
				GCC_NO_COMMON_BLOCKS = YES;
				GCC_WARN_64_TO_32_BIT_CONVERSION = YES;
				GCC_WARN_ABOUT_RETURN_TYPE = YES_ERROR;
				GCC_WARN_UNDECLARED_SELECTOR = YES;
				GCC_WARN_UNINITIALIZED_AUTOS = YES_AGGRESSIVE;
				GCC_WARN_UNUSED_FUNCTION = YES;
				GCC_WARN_UNUSED_VARIABLE = YES;
				IPHONEOS_DEPLOYMENT_TARGET = 17.2;
				LOCALIZATION_PREFERS_STRING_CATALOGS = YES;
				MTL_ENABLE_DEBUG_INFO = NO;
				MTL_FAST_MATH = YES;
				SDKROOT = iphoneos;
				SWIFT_COMPILATION_MODE = wholemodule;
				VALIDATE_PRODUCT = YES;
			};
			name = Release;
		};
		8DCF239E2B4022F100CA459E /* Debug */ = {
			isa = XCBuildConfiguration;
			buildSettings = {
				ASSETCATALOG_COMPILER_APPICON_NAME = AppIcon;
				ASSETCATALOG_COMPILER_GLOBAL_ACCENT_COLOR_NAME = AccentColor;
				CODE_SIGN_STYLE = Automatic;
				CURRENT_PROJECT_VERSION = 1;
				DEVELOPMENT_TEAM = 9JPJ7C4PAL;
				GENERATE_INFOPLIST_FILE = YES;
				INFOPLIST_FILE = Onbording/Resources/Info.plist;
				INFOPLIST_KEY_UIApplicationSupportsIndirectInputEvents = YES;
				INFOPLIST_KEY_UILaunchStoryboardName = LaunchScreen;
				INFOPLIST_KEY_UIStatusBarStyle = UIStatusBarStyleDarkContent;
				INFOPLIST_KEY_UISupportedInterfaceOrientations = UIInterfaceOrientationPortrait;
				INFOPLIST_KEY_UISupportedInterfaceOrientations_iPad = "UIInterfaceOrientationLandscapeLeft UIInterfaceOrientationLandscapeRight UIInterfaceOrientationPortrait UIInterfaceOrientationPortraitUpsideDown";
				IPHONEOS_DEPLOYMENT_TARGET = 15.5;
				LD_RUNPATH_SEARCH_PATHS = (
					"$(inherited)",
					"@executable_path/Frameworks",
				);
				MARKETING_VERSION = 1.0;
				PRODUCT_BUNDLE_IDENTIFIER = vlad.org.Onbording;
				PRODUCT_NAME = "$(TARGET_NAME)";
				SUPPORTED_PLATFORMS = "iphoneos iphonesimulator";
				SUPPORTS_MACCATALYST = NO;
				SUPPORTS_MAC_DESIGNED_FOR_IPHONE_IPAD = NO;
				SWIFT_EMIT_LOC_STRINGS = YES;
				SWIFT_VERSION = 5.0;
				TARGETED_DEVICE_FAMILY = 1;
			};
			name = Debug;
		};
		8DCF239F2B4022F100CA459E /* Release */ = {
			isa = XCBuildConfiguration;
			buildSettings = {
				ASSETCATALOG_COMPILER_APPICON_NAME = AppIcon;
				ASSETCATALOG_COMPILER_GLOBAL_ACCENT_COLOR_NAME = AccentColor;
				CODE_SIGN_STYLE = Automatic;
				CURRENT_PROJECT_VERSION = 1;
				DEVELOPMENT_TEAM = 9JPJ7C4PAL;
				GENERATE_INFOPLIST_FILE = YES;
				INFOPLIST_FILE = Onbording/Resources/Info.plist;
				INFOPLIST_KEY_UIApplicationSupportsIndirectInputEvents = YES;
				INFOPLIST_KEY_UILaunchStoryboardName = LaunchScreen;
				INFOPLIST_KEY_UIStatusBarStyle = UIStatusBarStyleDarkContent;
				INFOPLIST_KEY_UISupportedInterfaceOrientations = UIInterfaceOrientationPortrait;
				INFOPLIST_KEY_UISupportedInterfaceOrientations_iPad = "UIInterfaceOrientationLandscapeLeft UIInterfaceOrientationLandscapeRight UIInterfaceOrientationPortrait UIInterfaceOrientationPortraitUpsideDown";
				IPHONEOS_DEPLOYMENT_TARGET = 15.5;
				LD_RUNPATH_SEARCH_PATHS = (
					"$(inherited)",
					"@executable_path/Frameworks",
				);
				MARKETING_VERSION = 1.0;
				PRODUCT_BUNDLE_IDENTIFIER = vlad.org.Onbording;
				PRODUCT_NAME = "$(TARGET_NAME)";
				SUPPORTED_PLATFORMS = "iphoneos iphonesimulator";
				SUPPORTS_MACCATALYST = NO;
				SUPPORTS_MAC_DESIGNED_FOR_IPHONE_IPAD = NO;
				SWIFT_EMIT_LOC_STRINGS = YES;
				SWIFT_VERSION = 5.0;
				TARGETED_DEVICE_FAMILY = 1;
			};
			name = Release;
		};
/* End XCBuildConfiguration section */

/* Begin XCConfigurationList section */
		8DCF23842B4022EF00CA459E /* Build configuration list for PBXProject "Onbording" */ = {
			isa = XCConfigurationList;
			buildConfigurations = (
				8DCF239B2B4022F100CA459E /* Debug */,
				8DCF239C2B4022F100CA459E /* Release */,
			);
			defaultConfigurationIsVisible = 0;
			defaultConfigurationName = Release;
		};
		8DCF239D2B4022F100CA459E /* Build configuration list for PBXNativeTarget "Onbording" */ = {
			isa = XCConfigurationList;
			buildConfigurations = (
				8DCF239E2B4022F100CA459E /* Debug */,
				8DCF239F2B4022F100CA459E /* Release */,
			);
			defaultConfigurationIsVisible = 0;
			defaultConfigurationName = Release;
		};
/* End XCConfigurationList section */

/* Begin XCRemoteSwiftPackageReference section */
		8DCF23A32B402A4300CA459E /* XCRemoteSwiftPackageReference "SnapKit" */ = {
			isa = XCRemoteSwiftPackageReference;
			repositoryURL = "https://github.com/SnapKit/SnapKit.git";
			requirement = {
				kind = upToNextMajorVersion;
				minimumVersion = 5.6.0;
			};
		};
/* End XCRemoteSwiftPackageReference section */

/* Begin XCSwiftPackageProductDependency section */
		8DCF23A42B402A4300CA459E /* SnapKit */ = {
			isa = XCSwiftPackageProductDependency;
			package = 8DCF23A32B402A4300CA459E /* XCRemoteSwiftPackageReference "SnapKit" */;
			productName = SnapKit;
		};
/* End XCSwiftPackageProductDependency section */
	};
	rootObject = 8DCF23812B4022EF00CA459E /* Project object */;
}
